
Microsoft Visual Studio Solution File, Format Version 12.00
# Visual Studio Version 17
VisualStudioVersion = 17.7.34024.191
MinimumVisualStudioVersion = 10.0.40219.1
Project("{FAE04EC0-301F-11D3-BF4B-00C04F79EFBC}") = "DesafioHospedagem", "DesafioHospedagem\DesafioHospedagem.csproj", "{AF2860EF-AA5D-4E0C-98F9-5664820CC752}"
EndProject
Global
	GlobalSection(SolutionConfigurationPlatforms) = preSolution
		Debug|Any CPU = Debug|Any CPU
		Release|Any CPU = Release|Any CPU
	EndGlobalSection
	GlobalSection(ProjectConfigurationPlatforms) = postSolution
		{AF2860EF-AA5D-4E0C-98F9-5664820CC752}.Debug|Any CPU.ActiveCfg = Debug|Any CPU
		{AF2860EF-AA5D-4E0C-98F9-5664820CC752}.Debug|Any CPU.Build.0 = Debug|Any CPU
		{AF2860EF-AA5D-4E0C-98F9-5664820CC752}.Release|Any CPU.ActiveCfg = Release|Any CPU
		{AF2860EF-AA5D-4E0C-98F9-5664820CC752}.Release|Any CPU.Build.0 = Release|Any CPU
	EndGlobalSection
	GlobalSection(SolutionProperties) = preSolution
		HideSolutionNode = FALSE
	EndGlobalSection
	GlobalSection(ExtensibilityGlobals) = postSolution
		SolutionGuid = {A800381B-FA11-4CCA-BDF4-FA2F4287B8CD}
	EndGlobalSection
EndGlobal
